
Microsoft Visual Studio Solution File, Format Version 12.00
# Visual Studio Version 16
VisualStudioVersion = 16.0.31624.102
MinimumVisualStudioVersion = 10.0.40219.1
Project("{9A19103F-16F7-4668-BE54-9A1E7A4F7556}") = "PayrollService", "PayrollService.csproj", "{CFFD5857-0F65-400E-B864-501C1C002276}"
EndProject
Project("{FAE04EC0-301F-11D3-BF4B-00C04F79EFBC}") = "EmployeePayrollTesting", "..\EmployeePayrollTesting\EmployeePayrollTesting.csproj", "{AAB2FEEB-DD79-4A6C-9C7B-31171990BE5E}"
EndProject
Global
	GlobalSection(SolutionConfigurationPlatforms) = preSolution
		Debug|Any CPU = Debug|Any CPU
		Release|Any CPU = Release|Any CPU
	EndGlobalSection
	GlobalSection(ProjectConfigurationPlatforms) = postSolution
		{CFFD5857-0F65-400E-B864-501C1C002276}.Debug|Any CPU.ActiveCfg = Debug|Any CPU
		{CFFD5857-0F65-400E-B864-501C1C002276}.Debug|Any CPU.Build.0 = Debug|Any CPU
		{CFFD5857-0F65-400E-B864-501C1C002276}.Release|Any CPU.ActiveCfg = Release|Any CPU
		{CFFD5857-0F65-400E-B864-501C1C002276}.Release|Any CPU.Build.0 = Release|Any CPU
		{AAB2FEEB-DD79-4A6C-9C7B-31171990BE5E}.Debug|Any CPU.ActiveCfg = Debug|Any CPU
		{AAB2FEEB-DD79-4A6C-9C7B-31171990BE5E}.Debug|Any CPU.Build.0 = Debug|Any CPU
		{AAB2FEEB-DD79-4A6C-9C7B-31171990BE5E}.Release|Any CPU.ActiveCfg = Release|Any CPU
		{AAB2FEEB-DD79-4A6C-9C7B-31171990BE5E}.Release|Any CPU.Build.0 = Release|Any CPU
	EndGlobalSection
	GlobalSection(SolutionProperties) = preSolution
		HideSolutionNode = FALSE
	EndGlobalSection
	GlobalSection(ExtensibilityGlobals) = postSolution
		SolutionGuid = {80B1414D-2B51-4E7B-923B-804417B771AF}
	EndGlobalSection
EndGlobal
